
Microsoft Visual Studio Solution File, Format Version 12.00
# Visual Studio 2012
Project("{FAE04EC0-301F-11D3-BF4B-00C04F79EFBC}") = "Xamarin.UITest.POPSample", "Xamarin.UITest.POPSample\Xamarin.UITest.POPSample.csproj", "{A290CB94-4C60-466B-BE1A-DE03E06038A6}"
EndProject
Global
	GlobalSection(SolutionConfigurationPlatforms) = preSolution
		Debug|Any CPU = Debug|Any CPU
		Release|Any CPU = Release|Any CPU
	EndGlobalSection
	GlobalSection(ProjectConfigurationPlatforms) = postSolution
		{A290CB94-4C60-466B-BE1A-DE03E06038A6}.Debug|Any CPU.ActiveCfg = Debug|Any CPU
		{A290CB94-4C60-466B-BE1A-DE03E06038A6}.Debug|Any CPU.Build.0 = Debug|Any CPU
		{A290CB94-4C60-466B-BE1A-DE03E06038A6}.Release|Any CPU.ActiveCfg = Release|Any CPU
		{A290CB94-4C60-466B-BE1A-DE03E06038A6}.Release|Any CPU.Build.0 = Release|Any CPU
	EndGlobalSection
EndGlobal
